{
  "version": 4,
  "terraform_version": "1.11.4",
  "serial": 315,
  "lineage": "78aa8e61-cf1e-923f-5b56-03ccace7344e",
  "outputs": {},
  "resources": [
    {
      "module": "module.my-cloud-storage",
      "mode": "managed",
      "type": "google_storage_bucket",
      "name": "cloud-bucket",
      "provider": "provider[\"registry.terraform.io/hashicorp/google\"]",
      "instances": [
        {
          "schema_version": 3,
          "attributes": {
            "autoclass": [],
            "cors": [],
            "custom_placement_config": [],
            "default_event_based_hold": false,
            "effective_labels": {
              "goog-terraform-provisioned": "true"
            },
            "enable_object_retention": false,
            "encryption": [],
            "force_destroy": true,
            "hierarchical_namespace": [
              {
                "enabled": false
              }
            ],
            "id": "my-terraform-state-storage",
            "labels": null,
            "lifecycle_rule": [],
            "location": "US-WEST1",
            "logging": [],
            "name": "my-terraform-state-storage",
            "project": "eternal-courage-460108-d6",
            "project_number": 495158250706,
            "public_access_prevention": "enforced",
            "requester_pays": false,
            "retention_policy": [],
            "rpo": null,
            "self_link": "https://www.googleapis.com/storage/v1/b/my-terraform-state-storage",
            "soft_delete_policy": [
              {
                "effective_time": "",
                "retention_duration_seconds": 0
              }
            ],
            "storage_class": "STANDARD",
            "terraform_labels": {
              "goog-terraform-provisioned": "true"
            },
            "time_created": "2025-05-25T15:18:42.689Z",
            "timeouts": null,
            "uniform_bucket_level_access": true,
            "updated": "2025-05-25T15:18:42.689Z",
            "url": "gs://my-terraform-state-storage",
            "versioning": [
              {
                "enabled": true
              }
            ],
            "website": []
          },
          "sensitive_attributes": [],
          "private": "eyJlMmJmYjczMC1lY2FhLTExZTYtOGY4OC0zNDM2M2JjN2M0YzAiOnsiY3JlYXRlIjo2MDAwMDAwMDAwMDAsInJlYWQiOjI0MDAwMDAwMDAwMCwidXBkYXRlIjoyNDAwMDAwMDAwMDB9LCJzY2hlbWFfdmVyc2lvbiI6IjMifQ=="
        }
      ]
    },
    {
      "module": "module.my-virtual-instance",
      "mode": "managed",
      "type": "google_compute_instance",
      "name": "virtual_instance",
      "provider": "provider[\"registry.terraform.io/hashicorp/google\"]",
      "instances": [
        {
          "schema_version": 6,
          "attributes": {
            "advanced_machine_features": [],
            "allow_stopping_for_update": null,
            "attached_disk": [],
            "boot_disk": [
              {
                "auto_delete": true,
                "device_name": "persistent-disk-0",
                "disk_encryption_key_raw": "",
                "disk_encryption_key_rsa": "",
                "disk_encryption_key_sha256": "",
                "disk_encryption_service_account": "",
                "force_attach": false,
                "guest_os_features": [
                  "VIRTIO_SCSI_MULTIQUEUE",
                  "SEV_CAPABLE",
                  "SEV_SNP_CAPABLE",
                  "SEV_LIVE_MIGRATABLE",
                  "SEV_LIVE_MIGRATABLE_V2",
                  "IDPF",
                  "TDX_CAPABLE",
                  "UEFI_COMPATIBLE",
                  "GVNIC"
                ],
                "initialize_params": [
                  {
                    "architecture": "X86_64",
                    "enable_confidential_compute": false,
                    "image": "https://www.googleapis.com/compute/v1/projects/ubuntu-os-cloud/global/images/ubuntu-2204-jammy-v20250523",
                    "labels": {},
                    "provisioned_iops": 0,
                    "provisioned_throughput": 0,
                    "resource_manager_tags": null,
                    "resource_policies": [],
                    "size": 10,
                    "snapshot": "",
                    "source_image_encryption_key": [],
                    "source_snapshot_encryption_key": [],
                    "storage_pool": "",
                    "type": "pd-balanced"
                  }
                ],
                "interface": "",
                "kms_key_self_link": "",
                "mode": "READ_WRITE",
                "source": "https://www.googleapis.com/compute/v1/projects/eternal-courage-460108-d6/zones/us-west1-a/disks/my-confidential-instance"
              }
            ],
            "can_ip_forward": false,
            "confidential_instance_config": [],
            "cpu_platform": "Intel Broadwell",
            "creation_timestamp": "2025-05-25T08:19:19.812-07:00",
            "current_status": "RUNNING",
            "deletion_protection": false,
            "description": "",
            "desired_status": null,
            "effective_labels": {
              "goog-terraform-provisioned": "true"
            },
            "enable_display": false,
            "guest_accelerator": [],
            "hostname": "",
            "id": "projects/eternal-courage-460108-d6/zones/us-west1-a/instances/my-confidential-instance",
            "instance_encryption_key": [],
            "instance_id": "3784805487302576664",
            "key_revocation_action_type": "",
            "label_fingerprint": "vezUS-42LLM=",
            "labels": null,
            "machine_type": "e2-micro",
            "metadata": null,
            "metadata_fingerprint": "PrimauAaVww=",
            "metadata_startup_script": null,
            "min_cpu_platform": "",
            "name": "my-confidential-instance",
            "network_interface": [
              {
                "access_config": [
                  {
                    "nat_ip": "34.53.103.161",
                    "network_tier": "PREMIUM",
                    "public_ptr_domain_name": ""
                  }
                ],
                "alias_ip_range": [],
                "internal_ipv6_prefix_length": 0,
                "ipv6_access_config": [],
                "ipv6_access_type": "",
                "ipv6_address": "",
                "name": "nic0",
                "network": "https://www.googleapis.com/compute/v1/projects/eternal-courage-460108-d6/global/networks/vpc-network",
                "network_attachment": "",
                "network_ip": "10.0.5.2",
                "nic_type": "",
                "queue_count": 0,
                "stack_type": "IPV4_ONLY",
                "subnetwork": "https://www.googleapis.com/compute/v1/projects/eternal-courage-460108-d6/regions/us-west1/subnetworks/public-subnets",
                "subnetwork_project": "eternal-courage-460108-d6"
              }
            ],
            "network_performance_config": [],
            "params": [],
            "project": "eternal-courage-460108-d6",
            "reservation_affinity": [],
            "resource_policies": null,
            "scheduling": [
              {
                "automatic_restart": true,
                "availability_domain": 0,
                "instance_termination_action": "",
                "local_ssd_recovery_timeout": [],
                "max_run_duration": [],
                "min_node_cpus": 0,
                "node_affinities": [],
                "on_host_maintenance": "MIGRATE",
                "on_instance_stop_action": [],
                "preemptible": false,
                "provisioning_model": "STANDARD",
                "termination_time": ""
              }
            ],
            "scratch_disk": [],
            "self_link": "https://www.googleapis.com/compute/v1/projects/eternal-courage-460108-d6/zones/us-west1-a/instances/my-confidential-instance",
            "service_account": [
              {
                "email": "my-custom-sa@eternal-courage-460108-d6.iam.gserviceaccount.com",
                "scopes": [
                  "https://www.googleapis.com/auth/cloud-platform"
                ]
              }
            ],
            "shielded_instance_config": [
              {
                "enable_integrity_monitoring": true,
                "enable_secure_boot": false,
                "enable_vtpm": true
              }
            ],
            "tags": [
              "my-instance"
            ],
            "tags_fingerprint": "inhBf0za_lU=",
            "terraform_labels": {
              "goog-terraform-provisioned": "true"
            },
            "timeouts": null,
            "zone": "us-west1-a"
          },
          "sensitive_attributes": [
            [
              {
                "type": "get_attr",
                "value": "boot_disk"
              },
              {
                "type": "index",
                "value": {
                  "value": 0,
                  "type": "number"
                }
              },
              {
                "type": "get_attr",
                "value": "disk_encryption_key_raw"
              }
            ],
            [
              {
                "type": "get_attr",
                "value": "boot_disk"
              },
              {
                "type": "index",
                "value": {
                  "value": 0,
                  "type": "number"
                }
              },
              {
                "type": "get_attr",
                "value": "disk_encryption_key_rsa"
              }
            ]
          ],
          "private": "eyJlMmJmYjczMC1lY2FhLTExZTYtOGY4OC0zNDM2M2JjN2M0YzAiOnsiY3JlYXRlIjoxMjAwMDAwMDAwMDAwLCJkZWxldGUiOjEyMDAwMDAwMDAwMDAsInVwZGF0ZSI6MTIwMDAwMDAwMDAwMH0sInNjaGVtYV92ZXJzaW9uIjoiNiJ9",
          "dependencies": [
            "module.my-virtual-instance.google_service_account.service-account",
            "module.myvpc1.google_compute_network.vpc_network",
            "module.myvpc1.google_compute_subnetwork.public-subnets"
          ]
        }
      ]
    },
    {
      "module": "module.my-virtual-instance",
      "mode": "managed",
      "type": "google_service_account",
      "name": "service-account",
      "provider": "provider[\"registry.terraform.io/hashicorp/google\"]",
      "instances": [
        {
          "schema_version": 0,
          "attributes": {
            "account_id": "my-custom-sa",
            "create_ignore_already_exists": null,
            "description": "",
            "disabled": false,
            "display_name": "",
            "email": "my-custom-sa@eternal-courage-460108-d6.iam.gserviceaccount.com",
            "id": "projects/eternal-courage-460108-d6/serviceAccounts/my-custom-sa@eternal-courage-460108-d6.iam.gserviceaccount.com",
            "member": "serviceAccount:my-custom-sa@eternal-courage-460108-d6.iam.gserviceaccount.com",
            "name": "projects/eternal-courage-460108-d6/serviceAccounts/my-custom-sa@eternal-courage-460108-d6.iam.gserviceaccount.com",
            "project": "eternal-courage-460108-d6",
            "timeouts": null,
            "unique_id": "106853434312344655191"
          },
          "sensitive_attributes": [],
          "private": "eyJlMmJmYjczMC1lY2FhLTExZTYtOGY4OC0zNDM2M2JjN2M0YzAiOnsiY3JlYXRlIjozMDAwMDAwMDAwMDB9fQ=="
        }
      ]
    },
    {
      "module": "module.myvpc1",
      "mode": "managed",
      "type": "google_compute_firewall",
      "name": "firewall-rules",
      "provider": "provider[\"registry.terraform.io/hashicorp/google\"]",
      "instances": [
        {
          "index_key": "0",
          "schema_version": 1,
          "attributes": {
            "allow": [
              {
                "ports": [
                  "80",
                  "8080",
                  "1000-2000"
                ],
                "protocol": "tcp"
              }
            ],
            "creation_timestamp": "2025-05-25T08:19:05.339-07:00",
            "deny": [],
            "description": "Creates firewall rule targeting tagged instances",
            "destination_ranges": [],
            "direction": "INGRESS",
            "disabled": false,
            "enable_logging": null,
            "id": "projects/eternal-courage-460108-d6/global/firewalls/my-firewall-rule",
            "log_config": [],
            "name": "my-firewall-rule",
            "network": "https://www.googleapis.com/compute/v1/projects/eternal-courage-460108-d6/global/networks/vpc-network",
            "priority": 1000,
            "project": "eternal-courage-460108-d6",
            "self_link": "https://www.googleapis.com/compute/v1/projects/eternal-courage-460108-d6/global/firewalls/my-firewall-rule",
            "source_ranges": [
              "0.0.0.0/0"
            ],
            "source_service_accounts": null,
            "source_tags": null,
            "target_service_accounts": null,
            "target_tags": [
              "my-instance"
            ],
            "timeouts": null
          },
          "sensitive_attributes": [],
          "private": "eyJlMmJmYjczMC1lY2FhLTExZTYtOGY4OC0zNDM2M2JjN2M0YzAiOnsiY3JlYXRlIjoxMjAwMDAwMDAwMDAwLCJkZWxldGUiOjEyMDAwMDAwMDAwMDAsInVwZGF0ZSI6MTIwMDAwMDAwMDAwMH0sInNjaGVtYV92ZXJzaW9uIjoiMSJ9",
          "dependencies": [
            "module.myvpc1.google_compute_network.vpc_network"
          ]
        }
      ]
    },
    {
      "module": "module.myvpc1",
      "mode": "managed",
      "type": "google_compute_network",
      "name": "vpc_network",
      "provider": "provider[\"registry.terraform.io/hashicorp/google\"]",
      "instances": [
        {
          "schema_version": 0,
          "attributes": {
            "auto_create_subnetworks": false,
            "bgp_always_compare_med": false,
            "bgp_best_path_selection_mode": "LEGACY",
            "bgp_inter_region_cost": "",
            "delete_default_routes_on_create": false,
            "description": "",
            "enable_ula_internal_ipv6": false,
            "gateway_ipv4": "",
            "id": "projects/eternal-courage-460108-d6/global/networks/vpc-network",
            "internal_ipv6_range": "",
            "mtu": 1460,
            "name": "vpc-network",
            "network_firewall_policy_enforcement_order": "AFTER_CLASSIC_FIREWALL",
            "network_id": "6562157539643787837",
            "network_profile": "",
            "numeric_id": "6562157539643787837",
            "project": "eternal-courage-460108-d6",
            "routing_mode": "REGIONAL",
            "self_link": "https://www.googleapis.com/compute/v1/projects/eternal-courage-460108-d6/global/networks/vpc-network",
            "timeouts": null
          },
          "sensitive_attributes": [],
          "private": "eyJlMmJmYjczMC1lY2FhLTExZTYtOGY4OC0zNDM2M2JjN2M0YzAiOnsiY3JlYXRlIjoxMjAwMDAwMDAwMDAwLCJkZWxldGUiOjEyMDAwMDAwMDAwMDAsInVwZGF0ZSI6MTIwMDAwMDAwMDAwMH19"
        }
      ]
    },
    {
      "module": "module.myvpc1",
      "mode": "managed",
      "type": "google_compute_router",
      "name": "cloud-router",
      "provider": "provider[\"registry.terraform.io/hashicorp/google\"]",
      "instances": [
        {
          "schema_version": 0,
          "attributes": {
            "bgp": [],
            "creation_timestamp": "2025-05-25T08:19:19.903-07:00",
            "description": "",
            "encrypted_interconnect_router": false,
            "id": "projects/eternal-courage-460108-d6/regions/us-west1/routers/my-router",
            "md5_authentication_keys": [],
            "name": "my-router",
            "network": "https://www.googleapis.com/compute/v1/projects/eternal-courage-460108-d6/global/networks/vpc-network",
            "project": "eternal-courage-460108-d6",
            "region": "us-west1",
            "self_link": "https://www.googleapis.com/compute/v1/projects/eternal-courage-460108-d6/regions/us-west1/routers/my-router",
            "timeouts": null
          },
          "sensitive_attributes": [],
          "private": "eyJlMmJmYjczMC1lY2FhLTExZTYtOGY4OC0zNDM2M2JjN2M0YzAiOnsiY3JlYXRlIjoxMjAwMDAwMDAwMDAwLCJkZWxldGUiOjEyMDAwMDAwMDAwMDAsInVwZGF0ZSI6MTIwMDAwMDAwMDAwMH19",
          "dependencies": [
            "module.myvpc1.google_compute_network.vpc_network",
            "module.myvpc1.google_compute_subnetwork.private-subnets"
          ]
        }
      ]
    },
    {
      "module": "module.myvpc1",
      "mode": "managed",
      "type": "google_compute_router_nat",
      "name": "cloud-nat",
      "provider": "provider[\"registry.terraform.io/hashicorp/google\"]",
      "instances": [
        {
          "schema_version": 0,
          "attributes": {
            "auto_network_tier": "PREMIUM",
            "drain_nat_ips": [],
            "enable_dynamic_port_allocation": false,
            "enable_endpoint_independent_mapping": false,
            "endpoint_types": [
              "ENDPOINT_TYPE_VM"
            ],
            "icmp_idle_timeout_sec": 30,
            "id": "eternal-courage-460108-d6/us-west1/my-router/my-router-nat",
            "initial_nat_ips": null,
            "log_config": [],
            "max_ports_per_vm": 0,
            "min_ports_per_vm": 0,
            "name": "my-router-nat",
            "nat_ip_allocate_option": "AUTO_ONLY",
            "nat_ips": [],
            "project": "eternal-courage-460108-d6",
            "region": "us-west1",
            "router": "my-router",
            "rules": [],
            "source_subnetwork_ip_ranges_to_nat": "ALL_SUBNETWORKS_ALL_PRIMARY_IP_RANGES",
            "subnetwork": [],
            "tcp_established_idle_timeout_sec": 1200,
            "tcp_time_wait_timeout_sec": 120,
            "tcp_transitory_idle_timeout_sec": 30,
            "timeouts": null,
            "type": "PUBLIC",
            "udp_idle_timeout_sec": 30
          },
          "sensitive_attributes": [],
          "private": "eyJlMmJmYjczMC1lY2FhLTExZTYtOGY4OC0zNDM2M2JjN2M0YzAiOnsiY3JlYXRlIjoxMjAwMDAwMDAwMDAwLCJkZWxldGUiOjEyMDAwMDAwMDAwMDAsInVwZGF0ZSI6MTIwMDAwMDAwMDAwMH19",
          "dependencies": [
            "module.myvpc1.google_compute_network.vpc_network",
            "module.myvpc1.google_compute_router.cloud-router",
            "module.myvpc1.google_compute_subnetwork.private-subnets"
          ]
        }
      ]
    },
    {
      "module": "module.myvpc1",
      "mode": "managed",
      "type": "google_compute_subnetwork",
      "name": "private-subnets",
      "provider": "provider[\"registry.terraform.io/hashicorp/google\"]",
      "instances": [
        {
          "index_key": "0",
          "schema_version": 0,
          "attributes": {
            "creation_timestamp": "2025-05-25T08:19:06.698-07:00",
            "description": "",
            "enable_flow_logs": false,
            "external_ipv6_prefix": "",
            "fingerprint": null,
            "gateway_address": "10.0.2.1",
            "id": "projects/eternal-courage-460108-d6/regions/us-west1/subnetworks/private-subnets",
            "internal_ipv6_prefix": "",
            "ip_cidr_range": "10.0.2.0/24",
            "ip_collection": null,
            "ipv6_access_type": "",
            "ipv6_cidr_range": "",
            "ipv6_gce_endpoint": "",
            "log_config": [],
            "name": "private-subnets",
            "network": "https://www.googleapis.com/compute/v1/projects/eternal-courage-460108-d6/global/networks/vpc-network",
            "private_ip_google_access": false,
            "private_ipv6_google_access": "DISABLE_GOOGLE_ACCESS",
            "project": "eternal-courage-460108-d6",
            "purpose": "PRIVATE",
            "region": "us-west1",
            "reserved_internal_range": "",
            "role": "",
            "secondary_ip_range": [],
            "self_link": "https://www.googleapis.com/compute/v1/projects/eternal-courage-460108-d6/regions/us-west1/subnetworks/private-subnets",
            "send_secondary_ip_range_if_empty": null,
            "stack_type": "IPV4_ONLY",
            "state": "",
            "subnetwork_id": 2071414647765764613,
            "timeouts": null
          },
          "sensitive_attributes": [],
          "private": "eyJlMmJmYjczMC1lY2FhLTExZTYtOGY4OC0zNDM2M2JjN2M0YzAiOnsiY3JlYXRlIjoxMjAwMDAwMDAwMDAwLCJkZWxldGUiOjEyMDAwMDAwMDAwMDAsInVwZGF0ZSI6MTIwMDAwMDAwMDAwMH19",
          "dependencies": [
            "module.myvpc1.google_compute_network.vpc_network"
          ]
        }
      ]
    },
    {
      "module": "module.myvpc1",
      "mode": "managed",
      "type": "google_compute_subnetwork",
      "name": "public-subnets",
      "provider": "provider[\"registry.terraform.io/hashicorp/google\"]",
      "instances": [
        {
          "index_key": "0",
          "schema_version": 0,
          "attributes": {
            "creation_timestamp": "2025-05-25T08:19:05.583-07:00",
            "description": "",
            "enable_flow_logs": false,
            "external_ipv6_prefix": "",
            "fingerprint": null,
            "gateway_address": "10.0.5.1",
            "id": "projects/eternal-courage-460108-d6/regions/us-west1/subnetworks/public-subnets",
            "internal_ipv6_prefix": "",
            "ip_cidr_range": "10.0.5.0/24",
            "ip_collection": null,
            "ipv6_access_type": "",
            "ipv6_cidr_range": "",
            "ipv6_gce_endpoint": "",
            "log_config": [],
            "name": "public-subnets",
            "network": "https://www.googleapis.com/compute/v1/projects/eternal-courage-460108-d6/global/networks/vpc-network",
            "private_ip_google_access": false,
            "private_ipv6_google_access": "DISABLE_GOOGLE_ACCESS",
            "project": "eternal-courage-460108-d6",
            "purpose": "PRIVATE",
            "region": "us-west1",
            "reserved_internal_range": "",
            "role": "",
            "secondary_ip_range": [],
            "self_link": "https://www.googleapis.com/compute/v1/projects/eternal-courage-460108-d6/regions/us-west1/subnetworks/public-subnets",
            "send_secondary_ip_range_if_empty": null,
            "stack_type": "IPV4_ONLY",
            "state": "",
            "subnetwork_id": 1453138355861490182,
            "timeouts": null
          },
          "sensitive_attributes": [],
          "private": "eyJlMmJmYjczMC1lY2FhLTExZTYtOGY4OC0zNDM2M2JjN2M0YzAiOnsiY3JlYXRlIjoxMjAwMDAwMDAwMDAwLCJkZWxldGUiOjEyMDAwMDAwMDAwMDAsInVwZGF0ZSI6MTIwMDAwMDAwMDAwMH19",
          "dependencies": [
            "module.myvpc1.google_compute_network.vpc_network"
          ]
        }
      ]
    }
  ],
  "check_results": null
}
