{
  "version": 4,
  "terraform_version": "1.11.4",
  "serial": 216,
  "lineage": "78aa8e61-cf1e-923f-5b56-03ccace7344e",
  "outputs": {},
  "resources": [
    {
      "module": "module.my-cluster",
      "mode": "managed",
      "type": "google_container_cluster",
      "name": "my-cluster",
      "provider": "provider[\"registry.terraform.io/hashicorp/google\"]",
      "instances": [
        {
          "schema_version": 2,
          "attributes": {
            "addons_config": [
              {
                "cloudrun_config": [],
                "config_connector_config": [],
                "dns_cache_config": [],
                "gce_persistent_disk_csi_driver_config": [
                  {
                    "enabled": true
                  }
                ],
                "gcp_filestore_csi_driver_config": [],
                "gcs_fuse_csi_driver_config": [],
                "gke_backup_agent_config": [],
                "horizontal_pod_autoscaling": [],
                "http_load_balancing": [],
                "network_policy_config": [
                  {
                    "disabled": true
                  }
                ],
                "parallelstore_csi_driver_config": [],
                "ray_operator_config": [],
                "stateful_ha_config": []
              }
            ],
            "allow_net_admin": null,
            "authenticator_groups_config": [],
            "binary_authorization": [
              {
                "enabled": false,
                "evaluation_mode": ""
              }
            ],
            "cluster_autoscaling": [
              {
                "auto_provisioning_defaults": [],
                "auto_provisioning_locations": [],
                "autoscaling_profile": "BALANCED",
                "enabled": false,
                "resource_limits": []
              }
            ],
            "cluster_ipv4_cidr": "10.64.0.0/14",
            "confidential_nodes": [],
            "control_plane_endpoints_config": [
              {
                "dns_endpoint_config": [
                  {
                    "allow_external_traffic": false,
                    "endpoint": "gke-988fd9413f2b48c995d09b10c9caea1391c5-495158250706.us-west1.gke.goog"
                  }
                ],
                "ip_endpoints_config": [
                  {
                    "enabled": true
                  }
                ]
              }
            ],
            "cost_management_config": [],
            "database_encryption": [
              {
                "key_name": "",
                "state": "DECRYPTED"
              }
            ],
            "datapath_provider": "",
            "default_max_pods_per_node": 110,
            "default_snat_status": [
              {
                "disabled": false
              }
            ],
            "deletion_protection": true,
            "description": "",
            "disable_l4_lb_firewall_reconciliation": false,
            "dns_config": [],
            "effective_labels": {
              "goog-terraform-provisioned": "true"
            },
            "enable_autopilot": false,
            "enable_cilium_clusterwide_network_policy": false,
            "enable_fqdn_network_policy": false,
            "enable_intranode_visibility": false,
            "enable_k8s_beta_apis": [],
            "enable_kubernetes_alpha": false,
            "enable_l4_ilb_subsetting": false,
            "enable_legacy_abac": false,
            "enable_multi_networking": false,
            "enable_shielded_nodes": true,
            "enable_tpu": false,
            "endpoint": "34.145.105.101",
            "enterprise_config": [
              {
                "cluster_tier": "STANDARD",
                "desired_tier": ""
              }
            ],
            "fleet": [],
            "gateway_api_config": [],
            "id": "projects/eternal-courage-460108-d6/locations/us-west1/clusters/my-gke-cluster",
            "identity_service_config": [],
            "in_transit_encryption_config": "",
            "initial_node_count": 1,
            "ip_allocation_policy": [
              {
                "additional_pod_ranges_config": [],
                "cluster_ipv4_cidr_block": "10.64.0.0/14",
                "cluster_secondary_range_name": "gke-my-gke-cluster-pods-988fd941",
                "pod_cidr_overprovision_config": [
                  {
                    "disabled": false
                  }
                ],
                "services_ipv4_cidr_block": "34.118.224.0/20",
                "services_secondary_range_name": "",
                "stack_type": "IPV4"
              }
            ],
            "label_fingerprint": "78cdf2f6",
            "location": "us-west1",
            "logging_config": [
              {
                "enable_components": [
                  "SYSTEM_COMPONENTS",
                  "WORKLOADS"
                ]
              }
            ],
            "logging_service": "logging.googleapis.com/kubernetes",
            "maintenance_policy": [],
            "master_auth": [
              {
                "client_certificate": "",
                "client_certificate_config": [
                  {
                    "issue_client_certificate": false
                  }
                ],
                "client_key": "",
                "cluster_ca_certificate": "LS0tLS1CRUdJTiBDRVJUSUZJQ0FURS0tLS0tCk1JSUVMRENDQXBTZ0F3SUJBZ0lRZkdsVmxid21JOXkraFUwbEs4cHNyREFOQmdrcWhraUc5dzBCQVFzRkFEQXYKTVMwd0t3WURWUVFERXlRNU9UZGtNelJpWkMwMk0yVm1MVFJoWWpndFlqbGlNQzA0TVdNNE5UTmhaRE01WlRBdwpJQmNOTWpVd05USTFNRGN4TlRReldoZ1BNakExTlRBMU1UZ3dPREUxTkROYU1DOHhMVEFyQmdOVkJBTVRKRGs1Ck4yUXpOR0prTFRZelpXWXROR0ZpT0MxaU9XSXdMVGd4WXpnMU0yRmtNemxsTURDQ0FhSXdEUVlKS29aSWh2Y04KQVFFQkJRQURnZ0dQQURDQ0FZb0NnZ0dCQUxYZmZQK2FUTUwrYTJaSlVBSk14T3d1THBaVVZ3T1lRMy94OGMzcwpUdjJVUFY5bWVDMEtlSWZUQWpBQ1c5TkVTM3B1MnczT28vM3YwaE0wZ085QUMweldMMjlVeHFxUEo4aFk1MXFqCmIySVpic2s1eWlQSVMyaEJDajVZOXg4TXZncHhQSWxwU2dDUWVMNDE2ZDNWTWY0VkZ5aG1mckp5OVRITDV5bEcKZndzUzNCRW5ZUzVmcnNkY1hrNkpEbHgzVkhHVWN1MGJsNzdRTjBONTVFeDJhQnNMQklITDhYcHVlTkdva2RHbQpPbmwrQUhoQUZjcXlmUmdDTCtpSUNBOUtYcHl5OWxsdzRiMHBvMW9YOGtxdGMwRVJRazdHUzRzUCtXN3IzVTYvCmxwMkl3M2tYdWpKbHpWWkpGWHhtVTNtNjJiUWlpb3hnLzhTYTBCM1NRaE53N2hpOW96ejkzZ09HZG9Tazh2aW8KWjJTL0hjc2RXejFrYnhYWDhmRnZOU09jNVAvTkNkMUdINXc4ZTJ2aWNBVDZHMytUT2RyK3ZDeVM2bFNhQjJwVgpBQmFWUGFQWXEwRTdOOCs3eS8vRHY1Y0V0T1hiOTZwWktORVZmMTJFNUtINmpvRHI0NGF3T3JzN0VYYjMzcmJXCmlzUkVXM2xSaVppMGR3WTk0dHgxMyttVmtRSURBUUFCbzBJd1FEQU9CZ05WSFE4QkFmOEVCQU1DQWdRd0R3WUQKVlIwVEFRSC9CQVV3QXdFQi96QWRCZ05WSFE0RUZnUVU1Yk5pd1k1SmwzSGhOaVJVS3lDbEQwQ2VwV1V3RFFZSgpLb1pJaHZjTkFRRUxCUUFEZ2dHQkFCU1hKNVVBUVF5S043TENrK0NQdFZyZmtrcVJSL3l0UXdZQVo4aklsRU94CkRIOWl4MTAwS0dOY1dwUVpOa3V3R3cyMHQ3RWlDVnFRanJrVCt3dTFjMlJUT1laTzVLV2N4N2VwaTJrQzM4dUsKZWFYZDFYbzBBK3JHTXc1TVN5bzFpNUxiSHpnU0NlVEc0R3k1QzlQNWRuUlQ2RE1sSVlDSVo5V3JHMnhoVVpXMQptVmRhMzNsS2l6R0l3bTJDMzlsM04xaU9SWXI2SWtEVDdna09yRmJIeW4xSEZiSit6N3JjY013ZDF6NTVzQ0Y1CkNuR3VuamNWNUdRWkpMeExFREppOFpKZDBvbFRtaFJiZnkzbmVuRVVqZEFEd2JoY3o1VHBtbFNRdTcyMXpXV2IKbERrSmI3Y1o5MXNIODhKWFQ0bm5xNTgvYnQ1b25KY1RwcEZwVmxNcFFtc2JjMlVUNnhEeXlucE5qalVxdEk4UApRaXQzRjYxcGMwbWJDd01ESHp6L21GWlM1cUFTbzA3UTVsWExFQkhiY096T3QwcWFVWTRQVHNCdHRmNFg2S2ZoCm1yVVUyTWY3bC8vK3RvbUxPbVFVdnhsK0s5TUZiQmpiZ3NVUzkvRVVidDdPNkZISXAwajNqTDNuZzh4MHlNaU0KOWNoRjdIZ0pQU3hKR2Mvd2lSSUhvdz09Ci0tLS0tRU5EIENFUlRJRklDQVRFLS0tLS0K"
              }
            ],
            "master_authorized_networks_config": [],
            "master_version": "1.32.3-gke.1927009",
            "mesh_certificates": [],
            "min_master_version": null,
            "monitoring_config": [
              {
                "advanced_datapath_observability_config": [
                  {
                    "enable_metrics": false,
                    "enable_relay": false
                  }
                ],
                "enable_components": [
                  "SYSTEM_COMPONENTS",
                  "STORAGE",
                  "HPA",
                  "POD",
                  "DAEMONSET",
                  "DEPLOYMENT",
                  "STATEFULSET",
                  "JOBSET",
                  "KUBELET",
                  "CADVISOR",
                  "DCGM"
                ],
                "managed_prometheus": [
                  {
                    "auto_monitoring_config": [],
                    "enabled": true
                  }
                ]
              }
            ],
            "monitoring_service": "monitoring.googleapis.com/kubernetes",
            "name": "my-gke-cluster",
            "network": "projects/eternal-courage-460108-d6/global/networks/vpc-network",
            "network_policy": [
              {
                "enabled": false,
                "provider": "PROVIDER_UNSPECIFIED"
              }
            ],
            "networking_mode": "VPC_NATIVE",
            "node_config": [],
            "node_locations": [
              "us-west1-a"
            ],
            "node_pool": [],
            "node_pool_auto_config": [
              {
                "linux_node_config": [],
                "network_tags": [],
                "node_kubelet_config": [
                  {
                    "insecure_kubelet_readonly_port_enabled": "FALSE"
                  }
                ],
                "resource_manager_tags": {}
              }
            ],
            "node_pool_defaults": [
              {
                "node_config_defaults": [
                  {
                    "containerd_config": [],
                    "gcfs_config": [],
                    "insecure_kubelet_readonly_port_enabled": "FALSE",
                    "logging_variant": "DEFAULT"
                  }
                ]
              }
            ],
            "node_version": "1.32.3-gke.1927009",
            "notification_config": [
              {
                "pubsub": [
                  {
                    "enabled": false,
                    "filter": [],
                    "topic": ""
                  }
                ]
              }
            ],
            "operation": null,
            "private_cluster_config": [
              {
                "enable_private_endpoint": false,
                "enable_private_nodes": false,
                "master_global_access_config": [
                  {
                    "enabled": false
                  }
                ],
                "master_ipv4_cidr_block": "",
                "peering_name": "",
                "private_endpoint": "10.0.2.2",
                "private_endpoint_subnetwork": "",
                "public_endpoint": "34.145.105.101"
              }
            ],
            "private_ipv6_google_access": "",
            "project": "eternal-courage-460108-d6",
            "release_channel": [
              {
                "channel": "REGULAR"
              }
            ],
            "remove_default_node_pool": true,
            "resource_labels": null,
            "resource_usage_export_config": [],
            "secret_manager_config": [
              {
                "enabled": false
              }
            ],
            "security_posture_config": [
              {
                "mode": "BASIC",
                "vulnerability_mode": "VULNERABILITY_MODE_UNSPECIFIED"
              }
            ],
            "self_link": "https://container.googleapis.com/v1/projects/eternal-courage-460108-d6/locations/us-west1/clusters/my-gke-cluster",
            "service_external_ips_config": [
              {
                "enabled": false
              }
            ],
            "services_ipv4_cidr": "34.118.224.0/20",
            "subnetwork": "projects/eternal-courage-460108-d6/regions/us-west1/subnetworks/private-subnets",
            "terraform_labels": {
              "goog-terraform-provisioned": "true"
            },
            "timeouts": null,
            "tpu_ipv4_cidr_block": "",
            "user_managed_keys_config": [],
            "vertical_pod_autoscaling": [],
            "workload_identity_config": []
          },
          "sensitive_attributes": [
            [
              {
                "type": "get_attr",
                "value": "master_auth"
              },
              {
                "type": "index",
                "value": {
                  "value": 0,
                  "type": "number"
                }
              },
              {
                "type": "get_attr",
                "value": "client_key"
              }
            ]
          ],
          "private": "eyJlMmJmYjczMC1lY2FhLTExZTYtOGY4OC0zNDM2M2JjN2M0YzAiOnsiY3JlYXRlIjoyNDAwMDAwMDAwMDAwLCJkZWxldGUiOjI0MDAwMDAwMDAwMDAsInJlYWQiOjI0MDAwMDAwMDAwMDAsInVwZGF0ZSI6MzYwMDAwMDAwMDAwMH0sInNjaGVtYV92ZXJzaW9uIjoiMiJ9",
          "dependencies": [
            "module.myvpc1.google_compute_network.vpc_network",
            "module.myvpc1.google_compute_subnetwork.private-subnets"
          ]
        }
      ]
    },
    {
      "module": "module.my-cluster",
      "mode": "managed",
      "type": "google_container_node_pool",
      "name": "node-pools",
      "provider": "provider[\"registry.terraform.io/hashicorp/google\"]",
      "instances": [
        {
          "schema_version": 1,
          "attributes": {
            "autoscaling": [],
            "cluster": "my-gke-cluster",
            "id": "projects/eternal-courage-460108-d6/locations/us-west1/clusters/my-gke-cluster/nodePools/my-node-pool",
            "initial_node_count": 1,
            "instance_group_urls": [
              "https://www.googleapis.com/compute/v1/projects/eternal-courage-460108-d6/zones/us-west1-a/instanceGroupManagers/gke-my-gke-cluster-my-node-pool-c3eb1f23-grp"
            ],
            "location": "us-west1",
            "managed_instance_group_urls": [
              "https://www.googleapis.com/compute/v1/projects/eternal-courage-460108-d6/zones/us-west1-a/instanceGroups/gke-my-gke-cluster-my-node-pool-c3eb1f23-grp"
            ],
            "management": [
              {
                "auto_repair": true,
                "auto_upgrade": true
              }
            ],
            "max_pods_per_node": 110,
            "name": "my-node-pool",
            "name_prefix": "",
            "network_config": [
              {
                "additional_node_network_configs": [],
                "additional_pod_network_configs": [],
                "create_pod_range": false,
                "enable_private_nodes": false,
                "network_performance_config": [],
                "pod_cidr_overprovision_config": [],
                "pod_ipv4_cidr_block": "10.64.0.0/14",
                "pod_range": "gke-my-gke-cluster-pods-988fd941"
              }
            ],
            "node_config": [
              {
                "advanced_machine_features": [],
                "boot_disk_kms_key": "",
                "confidential_nodes": [],
                "containerd_config": [],
                "disk_size_gb": 100,
                "disk_type": "pd-balanced",
                "effective_taints": [],
                "enable_confidential_storage": false,
                "ephemeral_storage_local_ssd_config": [],
                "fast_socket": [],
                "gcfs_config": [],
                "guest_accelerator": [],
                "gvnic": [],
                "host_maintenance_policy": [],
                "image_type": "COS_CONTAINERD",
                "kubelet_config": [
                  {
                    "allowed_unsafe_sysctls": [],
                    "container_log_max_files": 0,
                    "container_log_max_size": "",
                    "cpu_cfs_quota": false,
                    "cpu_cfs_quota_period": "",
                    "cpu_manager_policy": "",
                    "image_gc_high_threshold_percent": 0,
                    "image_gc_low_threshold_percent": 0,
                    "image_maximum_gc_age": "",
                    "image_minimum_gc_age": "",
                    "insecure_kubelet_readonly_port_enabled": "FALSE",
                    "pod_pids_limit": 0
                  }
                ],
                "labels": {},
                "linux_node_config": [],
                "local_nvme_ssd_block_config": [],
                "local_ssd_count": 0,
                "local_ssd_encryption_mode": "",
                "logging_variant": "DEFAULT",
                "machine_type": "e2-medium",
                "max_run_duration": "",
                "metadata": {
                  "disable-legacy-endpoints": "true"
                },
                "min_cpu_platform": "",
                "node_group": "",
                "oauth_scopes": [
                  "https://www.googleapis.com/auth/cloud-platform"
                ],
                "preemptible": true,
                "reservation_affinity": [],
                "resource_labels": {
                  "goog-gke-node-pool-provisioning-model": "spot"
                },
                "resource_manager_tags": null,
                "secondary_boot_disks": [],
                "service_account": "node-pools-service-account@eternal-courage-460108-d6.iam.gserviceaccount.com",
                "shielded_instance_config": [
                  {
                    "enable_integrity_monitoring": true,
                    "enable_secure_boot": false
                  }
                ],
                "sole_tenant_config": [],
                "spot": false,
                "storage_pools": null,
                "tags": null,
                "taint": [],
                "windows_node_config": [
                  {
                    "osversion": ""
                  }
                ],
                "workload_metadata_config": []
              }
            ],
            "node_count": 1,
            "node_locations": [
              "us-west1-a"
            ],
            "operation": null,
            "placement_policy": [],
            "project": "eternal-courage-460108-d6",
            "queued_provisioning": [],
            "timeouts": null,
            "upgrade_settings": [
              {
                "blue_green_settings": [],
                "max_surge": 1,
                "max_unavailable": 0,
                "strategy": "SURGE"
              }
            ],
            "version": "1.32.3-gke.1927009"
          },
          "sensitive_attributes": [],
          "private": "eyJlMmJmYjczMC1lY2FhLTExZTYtOGY4OC0zNDM2M2JjN2M0YzAiOnsiY3JlYXRlIjoxODAwMDAwMDAwMDAwLCJkZWxldGUiOjE4MDAwMDAwMDAwMDAsInVwZGF0ZSI6MTgwMDAwMDAwMDAwMH0sInNjaGVtYV92ZXJzaW9uIjoiMSJ9",
          "dependencies": [
            "module.my-cluster.google_container_cluster.my-cluster",
            "module.my-cluster.google_service_account.my-service-account",
            "module.myvpc1.google_compute_network.vpc_network",
            "module.myvpc1.google_compute_subnetwork.private-subnets"
          ]
        }
      ]
    },
    {
      "module": "module.my-cluster",
      "mode": "managed",
      "type": "google_project_iam_member",
      "name": "sa_service_account_user",
      "provider": "provider[\"registry.terraform.io/hashicorp/google\"]",
      "instances": [
        {
          "index_key": "0",
          "schema_version": 0,
          "attributes": {
            "condition": [],
            "etag": "BwY18W4GMMk=",
            "id": "eternal-courage-460108-d6/roles/iam.serviceAccountUser/serviceAccount:node-pools-service-account@eternal-courage-460108-d6.iam.gserviceaccount.com",
            "member": "serviceAccount:node-pools-service-account@eternal-courage-460108-d6.iam.gserviceaccount.com",
            "project": "eternal-courage-460108-d6",
            "role": "roles/iam.serviceAccountUser"
          },
          "sensitive_attributes": [],
          "private": "bnVsbA==",
          "dependencies": [
            "module.my-cluster.google_service_account.my-service-account"
          ]
        },
        {
          "index_key": "1",
          "schema_version": 0,
          "attributes": {
            "condition": [],
            "etag": "BwY18W4GMMk=",
            "id": "eternal-courage-460108-d6/roles/compute.instanceAdmin/serviceAccount:node-pools-service-account@eternal-courage-460108-d6.iam.gserviceaccount.com",
            "member": "serviceAccount:node-pools-service-account@eternal-courage-460108-d6.iam.gserviceaccount.com",
            "project": "eternal-courage-460108-d6",
            "role": "roles/compute.instanceAdmin"
          },
          "sensitive_attributes": [],
          "private": "bnVsbA==",
          "dependencies": [
            "module.my-cluster.google_service_account.my-service-account"
          ]
        },
        {
          "index_key": "2",
          "schema_version": 0,
          "attributes": {
            "condition": [],
            "etag": "BwY18W4GMMk=",
            "id": "eternal-courage-460108-d6/roles/container.nodeServiceAccount/serviceAccount:node-pools-service-account@eternal-courage-460108-d6.iam.gserviceaccount.com",
            "member": "serviceAccount:node-pools-service-account@eternal-courage-460108-d6.iam.gserviceaccount.com",
            "project": "eternal-courage-460108-d6",
            "role": "roles/container.nodeServiceAccount"
          },
          "sensitive_attributes": [],
          "private": "bnVsbA==",
          "dependencies": [
            "module.my-cluster.google_service_account.my-service-account"
          ]
        }
      ]
    },
    {
      "module": "module.my-cluster",
      "mode": "managed",
      "type": "google_service_account",
      "name": "my-service-account",
      "provider": "provider[\"registry.terraform.io/hashicorp/google\"]",
      "instances": [
        {
          "schema_version": 0,
          "attributes": {
            "account_id": "node-pools-service-account",
            "create_ignore_already_exists": null,
            "description": "",
            "disabled": false,
            "display_name": "",
            "email": "node-pools-service-account@eternal-courage-460108-d6.iam.gserviceaccount.com",
            "id": "projects/eternal-courage-460108-d6/serviceAccounts/node-pools-service-account@eternal-courage-460108-d6.iam.gserviceaccount.com",
            "member": "serviceAccount:node-pools-service-account@eternal-courage-460108-d6.iam.gserviceaccount.com",
            "name": "projects/eternal-courage-460108-d6/serviceAccounts/node-pools-service-account@eternal-courage-460108-d6.iam.gserviceaccount.com",
            "project": "eternal-courage-460108-d6",
            "timeouts": null,
            "unique_id": "106749224193285468424"
          },
          "sensitive_attributes": [],
          "private": "eyJlMmJmYjczMC1lY2FhLTExZTYtOGY4OC0zNDM2M2JjN2M0YzAiOnsiY3JlYXRlIjozMDAwMDAwMDAwMDB9fQ=="
        }
      ]
    },
    {
      "module": "module.myvpc1",
      "mode": "managed",
      "type": "google_compute_firewall",
      "name": "firewall-rules",
      "provider": "provider[\"registry.terraform.io/hashicorp/google\"]",
      "instances": [
        {
          "index_key": "0",
          "schema_version": 1,
          "attributes": {
            "allow": [
              {
                "ports": [
                  "80",
                  "8080",
                  "1000-2000"
                ],
                "protocol": "tcp"
              }
            ],
            "creation_timestamp": "2025-05-25T01:15:14.919-07:00",
            "deny": [],
            "description": "Creates firewall rule targeting tagged instances",
            "destination_ranges": [],
            "direction": "INGRESS",
            "disabled": false,
            "enable_logging": null,
            "id": "projects/eternal-courage-460108-d6/global/firewalls/my-firewall-rule",
            "log_config": [],
            "name": "my-firewall-rule",
            "network": "https://www.googleapis.com/compute/v1/projects/eternal-courage-460108-d6/global/networks/vpc-network",
            "priority": 1000,
            "project": "eternal-courage-460108-d6",
            "self_link": "https://www.googleapis.com/compute/v1/projects/eternal-courage-460108-d6/global/firewalls/my-firewall-rule",
            "source_ranges": [
              "0.0.0.0/0"
            ],
            "source_service_accounts": null,
            "source_tags": null,
            "target_service_accounts": null,
            "target_tags": [
              "my-instance"
            ],
            "timeouts": null
          },
          "sensitive_attributes": [],
          "private": "eyJlMmJmYjczMC1lY2FhLTExZTYtOGY4OC0zNDM2M2JjN2M0YzAiOnsiY3JlYXRlIjoxMjAwMDAwMDAwMDAwLCJkZWxldGUiOjEyMDAwMDAwMDAwMDAsInVwZGF0ZSI6MTIwMDAwMDAwMDAwMH0sInNjaGVtYV92ZXJzaW9uIjoiMSJ9",
          "dependencies": [
            "module.myvpc1.google_compute_network.vpc_network"
          ]
        }
      ]
    },
    {
      "module": "module.myvpc1",
      "mode": "managed",
      "type": "google_compute_network",
      "name": "vpc_network",
      "provider": "provider[\"registry.terraform.io/hashicorp/google\"]",
      "instances": [
        {
          "schema_version": 0,
          "attributes": {
            "auto_create_subnetworks": false,
            "bgp_always_compare_med": false,
            "bgp_best_path_selection_mode": "LEGACY",
            "bgp_inter_region_cost": "",
            "delete_default_routes_on_create": false,
            "description": "",
            "enable_ula_internal_ipv6": false,
            "gateway_ipv4": "",
            "id": "projects/eternal-courage-460108-d6/global/networks/vpc-network",
            "internal_ipv6_range": "",
            "mtu": 1460,
            "name": "vpc-network",
            "network_firewall_policy_enforcement_order": "AFTER_CLASSIC_FIREWALL",
            "network_id": "5874481121766371219",
            "network_profile": "",
            "numeric_id": "5874481121766371219",
            "project": "eternal-courage-460108-d6",
            "routing_mode": "REGIONAL",
            "self_link": "https://www.googleapis.com/compute/v1/projects/eternal-courage-460108-d6/global/networks/vpc-network",
            "timeouts": null
          },
          "sensitive_attributes": [],
          "private": "eyJlMmJmYjczMC1lY2FhLTExZTYtOGY4OC0zNDM2M2JjN2M0YzAiOnsiY3JlYXRlIjoxMjAwMDAwMDAwMDAwLCJkZWxldGUiOjEyMDAwMDAwMDAwMDAsInVwZGF0ZSI6MTIwMDAwMDAwMDAwMH19"
        }
      ]
    },
    {
      "module": "module.myvpc1",
      "mode": "managed",
      "type": "google_compute_router",
      "name": "cloud-router",
      "provider": "provider[\"registry.terraform.io/hashicorp/google\"]",
      "instances": [
        {
          "schema_version": 0,
          "attributes": {
            "bgp": [],
            "creation_timestamp": "2025-05-25T01:15:41.338-07:00",
            "description": "",
            "encrypted_interconnect_router": false,
            "id": "projects/eternal-courage-460108-d6/regions/us-west1/routers/my-router",
            "md5_authentication_keys": [],
            "name": "my-router",
            "network": "https://www.googleapis.com/compute/v1/projects/eternal-courage-460108-d6/global/networks/vpc-network",
            "project": "eternal-courage-460108-d6",
            "region": "us-west1",
            "self_link": "https://www.googleapis.com/compute/v1/projects/eternal-courage-460108-d6/regions/us-west1/routers/my-router",
            "timeouts": null
          },
          "sensitive_attributes": [],
          "private": "eyJlMmJmYjczMC1lY2FhLTExZTYtOGY4OC0zNDM2M2JjN2M0YzAiOnsiY3JlYXRlIjoxMjAwMDAwMDAwMDAwLCJkZWxldGUiOjEyMDAwMDAwMDAwMDAsInVwZGF0ZSI6MTIwMDAwMDAwMDAwMH19",
          "dependencies": [
            "module.myvpc1.google_compute_network.vpc_network",
            "module.myvpc1.google_compute_subnetwork.private-subnets"
          ]
        }
      ]
    },
    {
      "module": "module.myvpc1",
      "mode": "managed",
      "type": "google_compute_router_nat",
      "name": "cloud-nat",
      "provider": "provider[\"registry.terraform.io/hashicorp/google\"]",
      "instances": [
        {
          "schema_version": 0,
          "attributes": {
            "auto_network_tier": "PREMIUM",
            "drain_nat_ips": [],
            "enable_dynamic_port_allocation": false,
            "enable_endpoint_independent_mapping": false,
            "endpoint_types": [
              "ENDPOINT_TYPE_VM"
            ],
            "icmp_idle_timeout_sec": 30,
            "id": "eternal-courage-460108-d6/us-west1/my-router/my-router-nat",
            "initial_nat_ips": null,
            "log_config": [],
            "max_ports_per_vm": 0,
            "min_ports_per_vm": 0,
            "name": "my-router-nat",
            "nat_ip_allocate_option": "AUTO_ONLY",
            "nat_ips": [],
            "project": "eternal-courage-460108-d6",
            "region": "us-west1",
            "router": "my-router",
            "rules": [],
            "source_subnetwork_ip_ranges_to_nat": "ALL_SUBNETWORKS_ALL_PRIMARY_IP_RANGES",
            "subnetwork": [],
            "tcp_established_idle_timeout_sec": 1200,
            "tcp_time_wait_timeout_sec": 120,
            "tcp_transitory_idle_timeout_sec": 30,
            "timeouts": null,
            "type": "PUBLIC",
            "udp_idle_timeout_sec": 30
          },
          "sensitive_attributes": [],
          "private": "eyJlMmJmYjczMC1lY2FhLTExZTYtOGY4OC0zNDM2M2JjN2M0YzAiOnsiY3JlYXRlIjoxMjAwMDAwMDAwMDAwLCJkZWxldGUiOjEyMDAwMDAwMDAwMDAsInVwZGF0ZSI6MTIwMDAwMDAwMDAwMH19",
          "dependencies": [
            "module.myvpc1.google_compute_network.vpc_network",
            "module.myvpc1.google_compute_router.cloud-router",
            "module.myvpc1.google_compute_subnetwork.private-subnets"
          ]
        }
      ]
    },
    {
      "module": "module.myvpc1",
      "mode": "managed",
      "type": "google_compute_subnetwork",
      "name": "private-subnets",
      "provider": "provider[\"registry.terraform.io/hashicorp/google\"]",
      "instances": [
        {
          "index_key": "0",
          "schema_version": 0,
          "attributes": {
            "creation_timestamp": "2025-05-25T01:15:16.454-07:00",
            "description": "",
            "enable_flow_logs": false,
            "external_ipv6_prefix": "",
            "fingerprint": null,
            "gateway_address": "10.0.2.1",
            "id": "projects/eternal-courage-460108-d6/regions/us-west1/subnetworks/private-subnets",
            "internal_ipv6_prefix": "",
            "ip_cidr_range": "10.0.2.0/24",
            "ip_collection": null,
            "ipv6_access_type": "",
            "ipv6_cidr_range": "",
            "ipv6_gce_endpoint": "",
            "log_config": [],
            "name": "private-subnets",
            "network": "https://www.googleapis.com/compute/v1/projects/eternal-courage-460108-d6/global/networks/vpc-network",
            "private_ip_google_access": false,
            "private_ipv6_google_access": "DISABLE_GOOGLE_ACCESS",
            "project": "eternal-courage-460108-d6",
            "purpose": "PRIVATE",
            "region": "us-west1",
            "reserved_internal_range": "",
            "role": "",
            "secondary_ip_range": [],
            "self_link": "https://www.googleapis.com/compute/v1/projects/eternal-courage-460108-d6/regions/us-west1/subnetworks/private-subnets",
            "send_secondary_ip_range_if_empty": null,
            "stack_type": "IPV4_ONLY",
            "state": "",
            "subnetwork_id": 4109089360830230395,
            "timeouts": null
          },
          "sensitive_attributes": [],
          "private": "eyJlMmJmYjczMC1lY2FhLTExZTYtOGY4OC0zNDM2M2JjN2M0YzAiOnsiY3JlYXRlIjoxMjAwMDAwMDAwMDAwLCJkZWxldGUiOjEyMDAwMDAwMDAwMDAsInVwZGF0ZSI6MTIwMDAwMDAwMDAwMH19",
          "dependencies": [
            "module.myvpc1.google_compute_network.vpc_network"
          ]
        }
      ]
    },
    {
      "module": "module.myvpc1",
      "mode": "managed",
      "type": "google_compute_subnetwork",
      "name": "public-subnets",
      "provider": "provider[\"registry.terraform.io/hashicorp/google\"]",
      "instances": [
        {
          "index_key": "0",
          "schema_version": 0,
          "attributes": {
            "creation_timestamp": "2025-05-25T01:15:15.789-07:00",
            "description": "",
            "enable_flow_logs": false,
            "external_ipv6_prefix": "",
            "fingerprint": null,
            "gateway_address": "10.0.5.1",
            "id": "projects/eternal-courage-460108-d6/regions/us-west1/subnetworks/public-subnets",
            "internal_ipv6_prefix": "",
            "ip_cidr_range": "10.0.5.0/24",
            "ip_collection": null,
            "ipv6_access_type": "",
            "ipv6_cidr_range": "",
            "ipv6_gce_endpoint": "",
            "log_config": [],
            "name": "public-subnets",
            "network": "https://www.googleapis.com/compute/v1/projects/eternal-courage-460108-d6/global/networks/vpc-network",
            "private_ip_google_access": false,
            "private_ipv6_google_access": "DISABLE_GOOGLE_ACCESS",
            "project": "eternal-courage-460108-d6",
            "purpose": "PRIVATE",
            "region": "us-west1",
            "reserved_internal_range": "",
            "role": "",
            "secondary_ip_range": [],
            "self_link": "https://www.googleapis.com/compute/v1/projects/eternal-courage-460108-d6/regions/us-west1/subnetworks/public-subnets",
            "send_secondary_ip_range_if_empty": null,
            "stack_type": "IPV4_ONLY",
            "state": "",
            "subnetwork_id": 673004232837656444,
            "timeouts": null
          },
          "sensitive_attributes": [],
          "private": "eyJlMmJmYjczMC1lY2FhLTExZTYtOGY4OC0zNDM2M2JjN2M0YzAiOnsiY3JlYXRlIjoxMjAwMDAwMDAwMDAwLCJkZWxldGUiOjEyMDAwMDAwMDAwMDAsInVwZGF0ZSI6MTIwMDAwMDAwMDAwMH19",
          "dependencies": [
            "module.myvpc1.google_compute_network.vpc_network"
          ]
        }
      ]
    }
  ],
  "check_results": null
}
