{
  "version": 4,
  "terraform_version": "1.11.4",
  "serial": 165,
  "lineage": "78aa8e61-cf1e-923f-5b56-03ccace7344e",
  "outputs": {},
  "resources": [
    {
      "module": "module.my-cluster",
      "mode": "managed",
      "type": "google_container_cluster",
      "name": "my-cluster",
      "provider": "provider[\"registry.terraform.io/hashicorp/google\"]",
      "instances": [
        {
          "schema_version": 2,
          "attributes": {
            "addons_config": [
              {
                "cloudrun_config": [],
                "config_connector_config": [],
                "dns_cache_config": [],
                "gce_persistent_disk_csi_driver_config": [
                  {
                    "enabled": true
                  }
                ],
                "gcp_filestore_csi_driver_config": [],
                "gcs_fuse_csi_driver_config": [],
                "gke_backup_agent_config": [],
                "horizontal_pod_autoscaling": [],
                "http_load_balancing": [],
                "network_policy_config": [
                  {
                    "disabled": true
                  }
                ],
                "parallelstore_csi_driver_config": [],
                "ray_operator_config": [],
                "stateful_ha_config": []
              }
            ],
            "allow_net_admin": null,
            "authenticator_groups_config": [],
            "binary_authorization": [
              {
                "enabled": false,
                "evaluation_mode": ""
              }
            ],
            "cluster_autoscaling": [
              {
                "auto_provisioning_defaults": [],
                "auto_provisioning_locations": [],
                "autoscaling_profile": "BALANCED",
                "enabled": false,
                "resource_limits": []
              }
            ],
            "cluster_ipv4_cidr": "10.64.0.0/14",
            "confidential_nodes": [],
            "control_plane_endpoints_config": [
              {
                "dns_endpoint_config": [
                  {
                    "allow_external_traffic": false,
                    "endpoint": "gke-23d666b1ba8a4ed29e03df8878c7d2396885-495158250706.us-west1.gke.goog"
                  }
                ],
                "ip_endpoints_config": [
                  {
                    "enabled": true
                  }
                ]
              }
            ],
            "cost_management_config": [],
            "database_encryption": [
              {
                "key_name": "",
                "state": "DECRYPTED"
              }
            ],
            "datapath_provider": "",
            "default_max_pods_per_node": 110,
            "default_snat_status": [
              {
                "disabled": false
              }
            ],
            "deletion_protection": true,
            "description": "",
            "disable_l4_lb_firewall_reconciliation": false,
            "dns_config": [],
            "effective_labels": {
              "goog-terraform-provisioned": "true"
            },
            "enable_autopilot": false,
            "enable_cilium_clusterwide_network_policy": false,
            "enable_fqdn_network_policy": false,
            "enable_intranode_visibility": false,
            "enable_k8s_beta_apis": [],
            "enable_kubernetes_alpha": false,
            "enable_l4_ilb_subsetting": false,
            "enable_legacy_abac": false,
            "enable_multi_networking": false,
            "enable_shielded_nodes": true,
            "enable_tpu": false,
            "endpoint": "35.233.225.84",
            "enterprise_config": [
              {
                "cluster_tier": "STANDARD",
                "desired_tier": ""
              }
            ],
            "fleet": [],
            "gateway_api_config": [],
            "id": "projects/eternal-courage-460108-d6/locations/us-west1/clusters/my-gke-cluster",
            "identity_service_config": [],
            "in_transit_encryption_config": "",
            "initial_node_count": 1,
            "ip_allocation_policy": [
              {
                "additional_pod_ranges_config": [],
                "cluster_ipv4_cidr_block": "10.64.0.0/14",
                "cluster_secondary_range_name": "gke-my-gke-cluster-pods-23d666b1",
                "pod_cidr_overprovision_config": [
                  {
                    "disabled": false
                  }
                ],
                "services_ipv4_cidr_block": "34.118.224.0/20",
                "services_secondary_range_name": "",
                "stack_type": "IPV4"
              }
            ],
            "label_fingerprint": "78cdf2f6",
            "location": "us-west1",
            "logging_config": [
              {
                "enable_components": [
                  "SYSTEM_COMPONENTS",
                  "WORKLOADS"
                ]
              }
            ],
            "logging_service": "logging.googleapis.com/kubernetes",
            "maintenance_policy": [],
            "master_auth": [
              {
                "client_certificate": "",
                "client_certificate_config": [
                  {
                    "issue_client_certificate": false
                  }
                ],
                "client_key": "",
                "cluster_ca_certificate": "LS0tLS1CRUdJTiBDRVJUSUZJQ0FURS0tLS0tCk1JSUVMVENDQXBXZ0F3SUJBZ0lSQVBtOUUveUVJRG1IbjdNVVhvVUc1VTR3RFFZSktvWklodmNOQVFFTEJRQXcKTHpFdE1Dc0dBMVVFQXhNa01tUm1ZVFExWXpJdFpqWmhaUzAwT1dKaUxUa3hOMkl0TTJWa05USXpNbU15TkRRMApNQ0FYRFRJMU1EVXlOREUzTVRBMU5Wb1lEekl3TlRVd05URTNNVGd4TURVMVdqQXZNUzB3S3dZRFZRUURFeVF5ClpHWmhORFZqTWkxbU5tRmxMVFE1WW1JdE9URTNZaTB6WldRMU1qTXlZekkwTkRRd2dnR2lNQTBHQ1NxR1NJYjMKRFFFQkFRVUFBNElCandBd2dnR0tBb0lCZ1FEanZKWlhYWCtrWm1qTHRtTjU1ZVBXcHpzWnJFKzVjWWdyMG1LbwpJS29WeEx6ek1Ua2RXWWNzakZXWVBwbzU3TDRVZXFNOEdkbVQvQlBJZVkzVzhpZUI3a3I4Z0o4ZHVjaElZRENKCkhRaEdqRmlXbU16djN6OFQzb2F5NXJCbk9aR2RmL2tRSWxtamZGYkR3bUZqY3FrK0VGTHVlTGNDdGtIajNyRkEKN3VjVncwaDRuU2dXN2cwME1DQXExYm5DejllQnB1TmpqNFhKUjZWZWFpVkljaW8rbU9vbTZvYTJ6WkMvUTRsVQplNDFNT1ZaWDlPUnBlYnBGZ21QQXlhOWVJaVROa0JsdUh1L1ZVM2dwVnNOSzdBOHBBMEg4VFNHekhEaUIyTVc4CnFWVVg2R3RmQVJCSFovZVdpdzE0eU1BVW9KQW8vc3dTRFFRdHJYNUhtVDcwZHhvTktJaVEwY3ZnRXl2TU1zU2EKZURZUXNLVC9zUjBJVTVpWEVBSHI4QTRTdEI4MW9LQyt3ZGcwc3Y5czhhWXhRM0xNMGRjS1llWnlxUDM1cFFaMwpvM1FtdkZIeWxZMTRkeCtwSFMrRnAvVDAzaUNNQURjTnpOK1dSQVlDbHNGLzNybzlDaHFMVHlyQlZ1Ykl6QUx1CkMxclRwNDA3bnM1SXRta2FRYnByWGJqVjJjTUNBd0VBQWFOQ01FQXdEZ1lEVlIwUEFRSC9CQVFEQWdJRU1BOEcKQTFVZEV3RUIvd1FGTUFNQkFmOHdIUVlEVlIwT0JCWUVGSHJRRzc5Z3J6UnZ0TGt4clB4RHo0TmlxRThtTUEwRwpDU3FHU0liM0RRRUJDd1VBQTRJQmdRQnNHUTZKSHFyNkJ0UFhjYXhvZ21LbWV6cE81S2hSbmxRcmZwazdBeXk0CldFWUozTW53eitZbG9xVUxNTWVUZCthL1pEbVB1c2hRZWNmRjZwSHVucHNjVUlLTVZYQi9tRy85SDh6NEJOWDgKS1BIcEVNdXptWW5sQSt4M3ljR0ZEcWJRY3NBVzNCMnNXR2VTb0Q2bmVwOTJUeDFKcTFNZWt6MHBWQlJjdVJMTgpxYlZFY3o3S1V1STlyNWNqYmwrQmRDOU1GUVl3eWsvaldkSkE3Z3dGaVEzWFVZSE1hS1ZCTTc4SThGMjFQOVhlCkJjTGJmS1lDVm1uZVFxZWtaMTlpNzJNdnVtVmtzS2ExRWlPVDZGQTllODEyTWhBR2ErQXF4ZFY1U0xQNjNyeTQKYnNRZDlKSHBDUHk0STRXUzM0bDYyTnpHMmtCcENQSElxZlJKamxGMG11LzRDMHppcjE2K1IrdVZ4QTJDbTFVYwoyNjhBOGxVTVZxaElVU2xZYmM5bFBYOFlXaWJRWkpTUnhodVl6a3B6Yk9CUGsrSmtxNGM1UTBMTldHSUgzTWZHCi9mZlRNc1VzN2lhNW1icTZhRTVhOTB4UWdxVENNMmcxNmFDN1NtaTI1anA4T0g1RG9TeFJzY0orYlBuRlllNm8Kc3p4K2VNK3Q0b2NXVVZZNkhldHVzRVU9Ci0tLS0tRU5EIENFUlRJRklDQVRFLS0tLS0K"
              }
            ],
            "master_authorized_networks_config": [],
            "master_version": "1.32.3-gke.1927009",
            "mesh_certificates": [],
            "min_master_version": null,
            "monitoring_config": [
              {
                "advanced_datapath_observability_config": [
                  {
                    "enable_metrics": false,
                    "enable_relay": false
                  }
                ],
                "enable_components": [
                  "SYSTEM_COMPONENTS",
                  "STORAGE",
                  "HPA",
                  "POD",
                  "DAEMONSET",
                  "DEPLOYMENT",
                  "STATEFULSET",
                  "JOBSET",
                  "CADVISOR",
                  "KUBELET",
                  "DCGM"
                ],
                "managed_prometheus": [
                  {
                    "auto_monitoring_config": [],
                    "enabled": true
                  }
                ]
              }
            ],
            "monitoring_service": "monitoring.googleapis.com/kubernetes",
            "name": "my-gke-cluster",
            "network": "projects/eternal-courage-460108-d6/global/networks/vpc-network",
            "network_policy": [
              {
                "enabled": false,
                "provider": "PROVIDER_UNSPECIFIED"
              }
            ],
            "networking_mode": "VPC_NATIVE",
            "node_config": [],
            "node_locations": [
              "us-west1-a"
            ],
            "node_pool": [],
            "node_pool_auto_config": [
              {
                "linux_node_config": [],
                "network_tags": [],
                "node_kubelet_config": [
                  {
                    "insecure_kubelet_readonly_port_enabled": "FALSE"
                  }
                ],
                "resource_manager_tags": {}
              }
            ],
            "node_pool_defaults": [
              {
                "node_config_defaults": [
                  {
                    "containerd_config": [],
                    "gcfs_config": [],
                    "insecure_kubelet_readonly_port_enabled": "FALSE",
                    "logging_variant": "DEFAULT"
                  }
                ]
              }
            ],
            "node_version": "1.32.3-gke.1927009",
            "notification_config": [
              {
                "pubsub": [
                  {
                    "enabled": false,
                    "filter": [],
                    "topic": ""
                  }
                ]
              }
            ],
            "operation": null,
            "private_cluster_config": [
              {
                "enable_private_endpoint": false,
                "enable_private_nodes": false,
                "master_global_access_config": [
                  {
                    "enabled": false
                  }
                ],
                "master_ipv4_cidr_block": "",
                "peering_name": "",
                "private_endpoint": "10.0.2.2",
                "private_endpoint_subnetwork": "",
                "public_endpoint": "35.233.225.84"
              }
            ],
            "private_ipv6_google_access": "",
            "project": "eternal-courage-460108-d6",
            "release_channel": [
              {
                "channel": "REGULAR"
              }
            ],
            "remove_default_node_pool": true,
            "resource_labels": null,
            "resource_usage_export_config": [],
            "secret_manager_config": [
              {
                "enabled": false
              }
            ],
            "security_posture_config": [
              {
                "mode": "BASIC",
                "vulnerability_mode": "VULNERABILITY_MODE_UNSPECIFIED"
              }
            ],
            "self_link": "https://container.googleapis.com/v1/projects/eternal-courage-460108-d6/locations/us-west1/clusters/my-gke-cluster",
            "service_external_ips_config": [
              {
                "enabled": false
              }
            ],
            "services_ipv4_cidr": "34.118.224.0/20",
            "subnetwork": "projects/eternal-courage-460108-d6/regions/us-west1/subnetworks/private-subnets",
            "terraform_labels": {
              "goog-terraform-provisioned": "true"
            },
            "timeouts": null,
            "tpu_ipv4_cidr_block": "",
            "user_managed_keys_config": [],
            "vertical_pod_autoscaling": [],
            "workload_identity_config": []
          },
          "sensitive_attributes": [
            [
              {
                "type": "get_attr",
                "value": "master_auth"
              },
              {
                "type": "index",
                "value": {
                  "value": 0,
                  "type": "number"
                }
              },
              {
                "type": "get_attr",
                "value": "client_key"
              }
            ]
          ],
          "private": "eyJlMmJmYjczMC1lY2FhLTExZTYtOGY4OC0zNDM2M2JjN2M0YzAiOnsiY3JlYXRlIjoyNDAwMDAwMDAwMDAwLCJkZWxldGUiOjI0MDAwMDAwMDAwMDAsInJlYWQiOjI0MDAwMDAwMDAwMDAsInVwZGF0ZSI6MzYwMDAwMDAwMDAwMH0sInNjaGVtYV92ZXJzaW9uIjoiMiJ9",
          "dependencies": [
            "module.myvpc1.google_compute_network.vpc_network",
            "module.myvpc1.google_compute_subnetwork.private-subnets"
          ]
        }
      ]
    },
    {
      "module": "module.my-cluster",
      "mode": "managed",
      "type": "google_container_node_pool",
      "name": "node-pools",
      "provider": "provider[\"registry.terraform.io/hashicorp/google\"]",
      "instances": [
        {
          "schema_version": 1,
          "attributes": {
            "autoscaling": [],
            "cluster": "my-gke-cluster",
            "id": "projects/eternal-courage-460108-d6/locations/us-west1/clusters/my-gke-cluster/nodePools/my-node-pool",
            "initial_node_count": 1,
            "instance_group_urls": [
              "https://www.googleapis.com/compute/v1/projects/eternal-courage-460108-d6/zones/us-west1-a/instanceGroupManagers/gke-my-gke-cluster-my-node-pool-7a0b6509-grp"
            ],
            "location": "us-west1",
            "managed_instance_group_urls": [
              "https://www.googleapis.com/compute/v1/projects/eternal-courage-460108-d6/zones/us-west1-a/instanceGroups/gke-my-gke-cluster-my-node-pool-7a0b6509-grp"
            ],
            "management": [
              {
                "auto_repair": true,
                "auto_upgrade": true
              }
            ],
            "max_pods_per_node": 110,
            "name": "my-node-pool",
            "name_prefix": "",
            "network_config": [
              {
                "additional_node_network_configs": [],
                "additional_pod_network_configs": [],
                "create_pod_range": false,
                "enable_private_nodes": false,
                "network_performance_config": [],
                "pod_cidr_overprovision_config": [],
                "pod_ipv4_cidr_block": "10.64.0.0/14",
                "pod_range": "gke-my-gke-cluster-pods-23d666b1"
              }
            ],
            "node_config": [
              {
                "advanced_machine_features": [],
                "boot_disk_kms_key": "",
                "confidential_nodes": [],
                "containerd_config": [],
                "disk_size_gb": 100,
                "disk_type": "pd-balanced",
                "effective_taints": [],
                "enable_confidential_storage": false,
                "ephemeral_storage_local_ssd_config": [],
                "fast_socket": [],
                "gcfs_config": [],
                "guest_accelerator": [],
                "gvnic": [],
                "host_maintenance_policy": [],
                "image_type": "COS_CONTAINERD",
                "kubelet_config": [
                  {
                    "allowed_unsafe_sysctls": [],
                    "container_log_max_files": 0,
                    "container_log_max_size": "",
                    "cpu_cfs_quota": false,
                    "cpu_cfs_quota_period": "",
                    "cpu_manager_policy": "",
                    "image_gc_high_threshold_percent": 0,
                    "image_gc_low_threshold_percent": 0,
                    "image_maximum_gc_age": "",
                    "image_minimum_gc_age": "",
                    "insecure_kubelet_readonly_port_enabled": "FALSE",
                    "pod_pids_limit": 0
                  }
                ],
                "labels": {},
                "linux_node_config": [],
                "local_nvme_ssd_block_config": [],
                "local_ssd_count": 0,
                "local_ssd_encryption_mode": "",
                "logging_variant": "DEFAULT",
                "machine_type": "e2-medium",
                "max_run_duration": "",
                "metadata": {
                  "disable-legacy-endpoints": "true"
                },
                "min_cpu_platform": "",
                "node_group": "",
                "oauth_scopes": [
                  "https://www.googleapis.com/auth/cloud-platform"
                ],
                "preemptible": true,
                "reservation_affinity": [],
                "resource_labels": {
                  "goog-gke-node-pool-provisioning-model": "spot"
                },
                "resource_manager_tags": null,
                "secondary_boot_disks": [],
                "service_account": "node-pools-service-account@eternal-courage-460108-d6.iam.gserviceaccount.com",
                "shielded_instance_config": [
                  {
                    "enable_integrity_monitoring": true,
                    "enable_secure_boot": false
                  }
                ],
                "sole_tenant_config": [],
                "spot": false,
                "storage_pools": null,
                "tags": null,
                "taint": [],
                "windows_node_config": [
                  {
                    "osversion": ""
                  }
                ],
                "workload_metadata_config": []
              }
            ],
            "node_count": 1,
            "node_locations": [
              "us-west1-a"
            ],
            "operation": null,
            "placement_policy": [],
            "project": "eternal-courage-460108-d6",
            "queued_provisioning": [],
            "timeouts": null,
            "upgrade_settings": [
              {
                "blue_green_settings": [],
                "max_surge": 1,
                "max_unavailable": 0,
                "strategy": "SURGE"
              }
            ],
            "version": "1.32.3-gke.1927009"
          },
          "sensitive_attributes": [],
          "private": "eyJlMmJmYjczMC1lY2FhLTExZTYtOGY4OC0zNDM2M2JjN2M0YzAiOnsiY3JlYXRlIjoxODAwMDAwMDAwMDAwLCJkZWxldGUiOjE4MDAwMDAwMDAwMDAsInVwZGF0ZSI6MTgwMDAwMDAwMDAwMH0sInNjaGVtYV92ZXJzaW9uIjoiMSJ9",
          "dependencies": [
            "module.my-cluster.google_container_cluster.my-cluster",
            "module.my-cluster.google_service_account.my-service-account",
            "module.myvpc1.google_compute_network.vpc_network",
            "module.myvpc1.google_compute_subnetwork.private-subnets"
          ]
        }
      ]
    },
    {
      "module": "module.my-cluster",
      "mode": "managed",
      "type": "google_service_account",
      "name": "my-service-account",
      "provider": "provider[\"registry.terraform.io/hashicorp/google\"]",
      "instances": [
        {
          "schema_version": 0,
          "attributes": {
            "account_id": "node-pools-service-account",
            "create_ignore_already_exists": null,
            "description": "",
            "disabled": false,
            "display_name": "",
            "email": "node-pools-service-account@eternal-courage-460108-d6.iam.gserviceaccount.com",
            "id": "projects/eternal-courage-460108-d6/serviceAccounts/node-pools-service-account@eternal-courage-460108-d6.iam.gserviceaccount.com",
            "member": "serviceAccount:node-pools-service-account@eternal-courage-460108-d6.iam.gserviceaccount.com",
            "name": "projects/eternal-courage-460108-d6/serviceAccounts/node-pools-service-account@eternal-courage-460108-d6.iam.gserviceaccount.com",
            "project": "eternal-courage-460108-d6",
            "timeouts": null,
            "unique_id": "116905462940445058400"
          },
          "sensitive_attributes": [],
          "private": "eyJlMmJmYjczMC1lY2FhLTExZTYtOGY4OC0zNDM2M2JjN2M0YzAiOnsiY3JlYXRlIjozMDAwMDAwMDAwMDB9fQ=="
        }
      ]
    },
    {
      "module": "module.myvpc1",
      "mode": "managed",
      "type": "google_compute_firewall",
      "name": "firewall-rules",
      "provider": "provider[\"registry.terraform.io/hashicorp/google\"]",
      "instances": [
        {
          "index_key": "0",
          "schema_version": 1,
          "attributes": {
            "allow": [
              {
                "ports": [
                  "80",
                  "8080",
                  "1000-2000"
                ],
                "protocol": "tcp"
              }
            ],
            "creation_timestamp": "2025-05-24T11:10:26.552-07:00",
            "deny": [],
            "description": "Creates firewall rule targeting tagged instances",
            "destination_ranges": [],
            "direction": "INGRESS",
            "disabled": false,
            "enable_logging": null,
            "id": "projects/eternal-courage-460108-d6/global/firewalls/my-firewall-rule",
            "log_config": [],
            "name": "my-firewall-rule",
            "network": "https://www.googleapis.com/compute/v1/projects/eternal-courage-460108-d6/global/networks/vpc-network",
            "priority": 1000,
            "project": "eternal-courage-460108-d6",
            "self_link": "https://www.googleapis.com/compute/v1/projects/eternal-courage-460108-d6/global/firewalls/my-firewall-rule",
            "source_ranges": [
              "0.0.0.0/0"
            ],
            "source_service_accounts": null,
            "source_tags": null,
            "target_service_accounts": null,
            "target_tags": [
              "my-instance"
            ],
            "timeouts": null
          },
          "sensitive_attributes": [],
          "private": "eyJlMmJmYjczMC1lY2FhLTExZTYtOGY4OC0zNDM2M2JjN2M0YzAiOnsiY3JlYXRlIjoxMjAwMDAwMDAwMDAwLCJkZWxldGUiOjEyMDAwMDAwMDAwMDAsInVwZGF0ZSI6MTIwMDAwMDAwMDAwMH0sInNjaGVtYV92ZXJzaW9uIjoiMSJ9",
          "dependencies": [
            "module.myvpc1.google_compute_network.vpc_network"
          ]
        }
      ]
    },
    {
      "module": "module.myvpc1",
      "mode": "managed",
      "type": "google_compute_network",
      "name": "vpc_network",
      "provider": "provider[\"registry.terraform.io/hashicorp/google\"]",
      "instances": [
        {
          "schema_version": 0,
          "attributes": {
            "auto_create_subnetworks": false,
            "bgp_always_compare_med": false,
            "bgp_best_path_selection_mode": "LEGACY",
            "bgp_inter_region_cost": "",
            "delete_default_routes_on_create": false,
            "description": "",
            "enable_ula_internal_ipv6": false,
            "gateway_ipv4": "",
            "id": "projects/eternal-courage-460108-d6/global/networks/vpc-network",
            "internal_ipv6_range": "",
            "mtu": 1460,
            "name": "vpc-network",
            "network_firewall_policy_enforcement_order": "AFTER_CLASSIC_FIREWALL",
            "network_id": "4986770278569719188",
            "network_profile": "",
            "numeric_id": "4986770278569719188",
            "project": "eternal-courage-460108-d6",
            "routing_mode": "REGIONAL",
            "self_link": "https://www.googleapis.com/compute/v1/projects/eternal-courage-460108-d6/global/networks/vpc-network",
            "timeouts": null
          },
          "sensitive_attributes": [],
          "private": "eyJlMmJmYjczMC1lY2FhLTExZTYtOGY4OC0zNDM2M2JjN2M0YzAiOnsiY3JlYXRlIjoxMjAwMDAwMDAwMDAwLCJkZWxldGUiOjEyMDAwMDAwMDAwMDAsInVwZGF0ZSI6MTIwMDAwMDAwMDAwMH19"
        }
      ]
    },
    {
      "module": "module.myvpc1",
      "mode": "managed",
      "type": "google_compute_router",
      "name": "cloud-router",
      "provider": "provider[\"registry.terraform.io/hashicorp/google\"]",
      "instances": [
        {
          "schema_version": 0,
          "attributes": {
            "bgp": [],
            "creation_timestamp": "2025-05-24T11:10:53.783-07:00",
            "description": "",
            "encrypted_interconnect_router": false,
            "id": "projects/eternal-courage-460108-d6/regions/us-west1/routers/my-router",
            "md5_authentication_keys": [],
            "name": "my-router",
            "network": "https://www.googleapis.com/compute/v1/projects/eternal-courage-460108-d6/global/networks/vpc-network",
            "project": "eternal-courage-460108-d6",
            "region": "us-west1",
            "self_link": "https://www.googleapis.com/compute/v1/projects/eternal-courage-460108-d6/regions/us-west1/routers/my-router",
            "timeouts": null
          },
          "sensitive_attributes": [],
          "private": "eyJlMmJmYjczMC1lY2FhLTExZTYtOGY4OC0zNDM2M2JjN2M0YzAiOnsiY3JlYXRlIjoxMjAwMDAwMDAwMDAwLCJkZWxldGUiOjEyMDAwMDAwMDAwMDAsInVwZGF0ZSI6MTIwMDAwMDAwMDAwMH19",
          "dependencies": [
            "module.myvpc1.google_compute_network.vpc_network",
            "module.myvpc1.google_compute_subnetwork.private-subnets"
          ]
        }
      ]
    },
    {
      "module": "module.myvpc1",
      "mode": "managed",
      "type": "google_compute_router_nat",
      "name": "cloud-nat",
      "provider": "provider[\"registry.terraform.io/hashicorp/google\"]",
      "instances": [
        {
          "schema_version": 0,
          "attributes": {
            "auto_network_tier": "PREMIUM",
            "drain_nat_ips": [],
            "enable_dynamic_port_allocation": false,
            "enable_endpoint_independent_mapping": false,
            "endpoint_types": [
              "ENDPOINT_TYPE_VM"
            ],
            "icmp_idle_timeout_sec": 30,
            "id": "eternal-courage-460108-d6/us-west1/my-router/my-router-nat",
            "initial_nat_ips": null,
            "log_config": [],
            "max_ports_per_vm": 0,
            "min_ports_per_vm": 0,
            "name": "my-router-nat",
            "nat_ip_allocate_option": "AUTO_ONLY",
            "nat_ips": [],
            "project": "eternal-courage-460108-d6",
            "region": "us-west1",
            "router": "my-router",
            "rules": [],
            "source_subnetwork_ip_ranges_to_nat": "ALL_SUBNETWORKS_ALL_PRIMARY_IP_RANGES",
            "subnetwork": [],
            "tcp_established_idle_timeout_sec": 1200,
            "tcp_time_wait_timeout_sec": 120,
            "tcp_transitory_idle_timeout_sec": 30,
            "timeouts": null,
            "type": "PUBLIC",
            "udp_idle_timeout_sec": 30
          },
          "sensitive_attributes": [],
          "private": "eyJlMmJmYjczMC1lY2FhLTExZTYtOGY4OC0zNDM2M2JjN2M0YzAiOnsiY3JlYXRlIjoxMjAwMDAwMDAwMDAwLCJkZWxldGUiOjEyMDAwMDAwMDAwMDAsInVwZGF0ZSI6MTIwMDAwMDAwMDAwMH19",
          "dependencies": [
            "module.myvpc1.google_compute_network.vpc_network",
            "module.myvpc1.google_compute_router.cloud-router",
            "module.myvpc1.google_compute_subnetwork.private-subnets"
          ]
        }
      ]
    },
    {
      "module": "module.myvpc1",
      "mode": "managed",
      "type": "google_compute_subnetwork",
      "name": "private-subnets",
      "provider": "provider[\"registry.terraform.io/hashicorp/google\"]",
      "instances": [
        {
          "index_key": "0",
          "schema_version": 0,
          "attributes": {
            "creation_timestamp": "2025-05-24T11:10:27.450-07:00",
            "description": "",
            "enable_flow_logs": false,
            "external_ipv6_prefix": "",
            "fingerprint": null,
            "gateway_address": "10.0.2.1",
            "id": "projects/eternal-courage-460108-d6/regions/us-west1/subnetworks/private-subnets",
            "internal_ipv6_prefix": "",
            "ip_cidr_range": "10.0.2.0/24",
            "ip_collection": null,
            "ipv6_access_type": "",
            "ipv6_cidr_range": "",
            "ipv6_gce_endpoint": "",
            "log_config": [],
            "name": "private-subnets",
            "network": "https://www.googleapis.com/compute/v1/projects/eternal-courage-460108-d6/global/networks/vpc-network",
            "private_ip_google_access": false,
            "private_ipv6_google_access": "DISABLE_GOOGLE_ACCESS",
            "project": "eternal-courage-460108-d6",
            "purpose": "PRIVATE",
            "region": "us-west1",
            "reserved_internal_range": "",
            "role": "",
            "secondary_ip_range": [],
            "self_link": "https://www.googleapis.com/compute/v1/projects/eternal-courage-460108-d6/regions/us-west1/subnetworks/private-subnets",
            "send_secondary_ip_range_if_empty": null,
            "stack_type": "IPV4_ONLY",
            "state": "",
            "subnetwork_id": 890780772919653756,
            "timeouts": null
          },
          "sensitive_attributes": [],
          "private": "eyJlMmJmYjczMC1lY2FhLTExZTYtOGY4OC0zNDM2M2JjN2M0YzAiOnsiY3JlYXRlIjoxMjAwMDAwMDAwMDAwLCJkZWxldGUiOjEyMDAwMDAwMDAwMDAsInVwZGF0ZSI6MTIwMDAwMDAwMDAwMH19",
          "dependencies": [
            "module.myvpc1.google_compute_network.vpc_network"
          ]
        }
      ]
    },
    {
      "module": "module.myvpc1",
      "mode": "managed",
      "type": "google_compute_subnetwork",
      "name": "public-subnets",
      "provider": "provider[\"registry.terraform.io/hashicorp/google\"]",
      "instances": [
        {
          "index_key": "0",
          "schema_version": 0,
          "attributes": {
            "creation_timestamp": "2025-05-24T11:10:27.398-07:00",
            "description": "",
            "enable_flow_logs": false,
            "external_ipv6_prefix": "",
            "fingerprint": null,
            "gateway_address": "10.0.5.1",
            "id": "projects/eternal-courage-460108-d6/regions/us-west1/subnetworks/public-subnets",
            "internal_ipv6_prefix": "",
            "ip_cidr_range": "10.0.5.0/24",
            "ip_collection": null,
            "ipv6_access_type": "",
            "ipv6_cidr_range": "",
            "ipv6_gce_endpoint": "",
            "log_config": [],
            "name": "public-subnets",
            "network": "https://www.googleapis.com/compute/v1/projects/eternal-courage-460108-d6/global/networks/vpc-network",
            "private_ip_google_access": false,
            "private_ipv6_google_access": "DISABLE_GOOGLE_ACCESS",
            "project": "eternal-courage-460108-d6",
            "purpose": "PRIVATE",
            "region": "us-west1",
            "reserved_internal_range": "",
            "role": "",
            "secondary_ip_range": [],
            "self_link": "https://www.googleapis.com/compute/v1/projects/eternal-courage-460108-d6/regions/us-west1/subnetworks/public-subnets",
            "send_secondary_ip_range_if_empty": null,
            "stack_type": "IPV4_ONLY",
            "state": "",
            "subnetwork_id": 7651568744369468796,
            "timeouts": null
          },
          "sensitive_attributes": [],
          "private": "eyJlMmJmYjczMC1lY2FhLTExZTYtOGY4OC0zNDM2M2JjN2M0YzAiOnsiY3JlYXRlIjoxMjAwMDAwMDAwMDAwLCJkZWxldGUiOjEyMDAwMDAwMDAwMDAsInVwZGF0ZSI6MTIwMDAwMDAwMDAwMH19",
          "dependencies": [
            "module.myvpc1.google_compute_network.vpc_network"
          ]
        }
      ]
    }
  ],
  "check_results": null
}
